{
  "name": "nasa-project",
  "version": "1.0.0",
  "lockfileVersion": 2,
  "requires": true,
  "packages": {
    "": {
      "name": "nasa-project",
      "version": "1.0.0",
      "hasInstallScript": true,
      "license": "ISC",
      "dependencies": {
        "axios": "^0.26.0",
        "dotenv": "^16.0.0"
      }
    },
    "node_modules/axios": {
      "version": "0.26.0",
      "license": "MIT",
      "dependencies": {
        "follow-redirects": "^1.14.8"
      }
    },
    "node_modules/dotenv": {
      "version": "16.0.0",
      "license": "BSD-2-Clause",
      "engines": {
        "node": ">=12"
      }
    },
    "node_modules/follow-redirects": {
      "version": "1.14.9",
      "funding": [
        {
          "type": "individual",
          "url": "https://github.com/sponsors/RubenVerborgh"
        }
      ],
      "license": "MIT",
      "engines": {
        "node": ">=4.0"
      },
      "peerDependenciesMeta": {
        "debug": {
          "optional": true
        }
      }
    }
  },
  "dependencies": {
    "axios": {
      "version": "0.26.0",
      "requires": {
        "follow-redirects": "^1.14.8"
      }
    },
    "dotenv": {
      "version": "16.0.0"
    },
    "follow-redirects": {
      "version": "1.14.9"
    }
  }
}
